
Microsoft Visual Studio Solution File, Format Version 12.00
# Visual Studio 15
VisualStudioVersion = 15.0.28010.2041
MinimumVisualStudioVersion = 10.0.40219.1
Project("{FAE04EC0-301F-11D3-BF4B-00C04F79EFBC}") = "ToDoApi", "ToDoApi\ToDoApi.csproj", "{5162A3B5-AC8F-4CAE-B7E5-C4EC466B4884}"
EndProject
Global
	GlobalSection(SolutionConfigurationPlatforms) = preSolution
		Debug|Any CPU = Debug|Any CPU
		Release|Any CPU = Release|Any CPU
	EndGlobalSection
	GlobalSection(ProjectConfigurationPlatforms) = postSolution
		{5162A3B5-AC8F-4CAE-B7E5-C4EC466B4884}.Debug|Any CPU.ActiveCfg = Debug|Any CPU
		{5162A3B5-AC8F-4CAE-B7E5-C4EC466B4884}.Debug|Any CPU.Build.0 = Debug|Any CPU
		{5162A3B5-AC8F-4CAE-B7E5-C4EC466B4884}.Release|Any CPU.ActiveCfg = Release|Any CPU
		{5162A3B5-AC8F-4CAE-B7E5-C4EC466B4884}.Release|Any CPU.Build.0 = Release|Any CPU
	EndGlobalSection
	GlobalSection(SolutionProperties) = preSolution
		HideSolutionNode = FALSE
	EndGlobalSection
	GlobalSection(ExtensibilityGlobals) = postSolution
		SolutionGuid = {21BF5724-272B-4C57-AA23-E5A26C726D08}
	EndGlobalSection
EndGlobal
